schema: '2.0'
stages:
  load_data:
    cmd: python src/load_data.py --config=params.yaml
    deps:
    - path: data_given/winequality.csv
      md5: 6a883fd98624e18c0b7ce251f4fab4fb
      size: 100951
    - path: src/get_data.py
      md5: db7730736da9e3274083bc90eccf7000
      size: 656
    - path: src/load_data.py
      md5: 5f5badf22a399b3b143cb98f71588fee
      size: 645
    outs:
    - path: data/raw/winequality.csv
      md5: b81c95040ccc1f04820095a237ba3c61
      size: 93485
  split_data:
    cmd: python src/split_data.py --config=params.yaml
    deps:
    - path: data/raw/winequality.csv
      md5: b81c95040ccc1f04820095a237ba3c61
      size: 93485
    - path: src/split_data.py
      md5: a4ee48173f7878a29890230b6b2d05b2
      size: 1066
    outs:
    - path: data/processed/test_winequality.csv
      md5: 420389d6fcceeb7da1311c6b14af875f
      size: 18836
    - path: data/processed/train_winequality.csv
      md5: eb194c439f11a763691ae2f66e305d74
      size: 74795
  train_and_evaluate:
    cmd: python src/train_and_evaluate.py --config=params.yaml
    deps:
    - path: data/processed/test_winequality.csv
      md5: 420389d6fcceeb7da1311c6b14af875f
      size: 18836
    - path: data/processed/train_winequality.csv
      md5: eb194c439f11a763691ae2f66e305d74
      size: 74795
    - path: src/train_and_evaluate.py
      md5: 884007ba5eabdb07f5d7c3bf83f49d18
      size: 2586
    params:
      params.yaml:
        estimators.ElasticNet.params.alpha: 0.9
        estimators.ElasticNet.params.l1_ratio: 0.4
    outs:
    - path: report/params.json
      md5: a4aab0167612f21a6085dd05cfafdbf6
      size: 41
    - path: report/scores.json
      md5: 86524820870673b16aeaa90890571e40
      size: 97
    - path: saved_models/model.joblib
      md5: a5b24f2b8ad40f24646daa6005349d92
      size: 1336
